PODS:
  - SmartSegmentedControlSwift (0.1.1)

DEPENDENCIES:
  - SmartSegmentedControlSwift (from `../`)

EXTERNAL SOURCES:
  SmartSegmentedControlSwift:
    :path: "../"

SPEC CHECKSUMS:
  SmartSegmentedControlSwift: 64d7bc1e8a04c59d0fe72d54eb51ae2e5f363b85

PODFILE CHECKSUM: 3bcd6bc987e0974203a0b926f088b665370b6b22

COCOAPODS: 1.2.1
